
Microsoft Visual Studio Solution File, Format Version 12.00
# Visual Studio Version 16
VisualStudioVersion = 16.0.30104.148
MinimumVisualStudioVersion = 10.0.40219.1
Project("{FAE04EC0-301F-11D3-BF4B-00C04F79EFBC}") = "NoColdStart", "NoColdStart.csproj", "{D2A1A68A-B7DC-4497-8402-0C692F8B8531}"
EndProject
Global
	GlobalSection(SolutionConfigurationPlatforms) = preSolution
		Debug|Any CPU = Debug|Any CPU
		Release|Any CPU = Release|Any CPU
	EndGlobalSection
	GlobalSection(ProjectConfigurationPlatforms) = postSolution
		{D2A1A68A-B7DC-4497-8402-0C692F8B8531}.Debug|Any CPU.ActiveCfg = Debug|Any CPU
		{D2A1A68A-B7DC-4497-8402-0C692F8B8531}.Debug|Any CPU.Build.0 = Debug|Any CPU
		{D2A1A68A-B7DC-4497-8402-0C692F8B8531}.Release|Any CPU.ActiveCfg = Release|Any CPU
		{D2A1A68A-B7DC-4497-8402-0C692F8B8531}.Release|Any CPU.Build.0 = Release|Any CPU
	EndGlobalSection
	GlobalSection(SolutionProperties) = preSolution
		HideSolutionNode = FALSE
	EndGlobalSection
	GlobalSection(ExtensibilityGlobals) = postSolution
		SolutionGuid = {8B12A76A-E87E-4CCD-B8EA-6AA95A99E734}
	EndGlobalSection
EndGlobal
